
Microsoft Visual Studio Solution File, Format Version 12.00
# Visual Studio Version 17
VisualStudioVersion = 17.13.35825.156 d17.13
MinimumVisualStudioVersion = 10.0.40219.1
Project("{888888A0-9F3D-457C-B088-3A5042F75D52}") = "demoproject", "demoproject\demoproject.pyproj", "{EF89988C-FE5A-4268-8B2E-4D3F59300EE8}"
EndProject
Global
	GlobalSection(SolutionConfigurationPlatforms) = preSolution
		Debug|Any CPU = Debug|Any CPU
		Release|Any CPU = Release|Any CPU
	EndGlobalSection
	GlobalSection(ProjectConfigurationPlatforms) = postSolution
		{EF89988C-FE5A-4268-8B2E-4D3F59300EE8}.Debug|Any CPU.ActiveCfg = Debug|Any CPU
		{EF89988C-FE5A-4268-8B2E-4D3F59300EE8}.Release|Any CPU.ActiveCfg = Release|Any CPU
	EndGlobalSection
	GlobalSection(SolutionProperties) = preSolution
		HideSolutionNode = FALSE
	EndGlobalSection
	GlobalSection(ExtensibilityGlobals) = postSolution
		SolutionGuid = {D60BCFF7-E2AE-41BE-94CC-FC792CA404E3}
	EndGlobalSection
EndGlobal
